
Microsoft Visual Studio Solution File, Format Version 12.00
# Visual Studio Version 17
VisualStudioVersion = 17.11.35222.181
MinimumVisualStudioVersion = 10.0.40219.1
Project("{FAE04EC0-301F-11D3-BF4B-00C04F79EFBC}") = "Calculater Project", "Calculater Project.csproj", "{99E43F69-A6DF-4F31-86CF-132C907DED2A}"
EndProject
Global
	GlobalSection(SolutionConfigurationPlatforms) = preSolution
		Debug|Any CPU = Debug|Any CPU
		Release|Any CPU = Release|Any CPU
	EndGlobalSection
	GlobalSection(ProjectConfigurationPlatforms) = postSolution
		{99E43F69-A6DF-4F31-86CF-132C907DED2A}.Debug|Any CPU.ActiveCfg = Debug|Any CPU
		{99E43F69-A6DF-4F31-86CF-132C907DED2A}.Debug|Any CPU.Build.0 = Debug|Any CPU
		{99E43F69-A6DF-4F31-86CF-132C907DED2A}.Release|Any CPU.ActiveCfg = Release|Any CPU
		{99E43F69-A6DF-4F31-86CF-132C907DED2A}.Release|Any CPU.Build.0 = Release|Any CPU
	EndGlobalSection
	GlobalSection(SolutionProperties) = preSolution
		HideSolutionNode = FALSE
	EndGlobalSection
	GlobalSection(ExtensibilityGlobals) = postSolution
		SolutionGuid = {2F7BF171-4D52-4056-A0A7-DE04FA09EDA3}
	EndGlobalSection
EndGlobal
