
Microsoft Visual Studio Solution File, Format Version 12.00
# Visual Studio Version 17
VisualStudioVersion = 17.11.35222.181
MinimumVisualStudioVersion = 10.0.40219.1
Project("{FAE04EC0-301F-11D3-BF4B-00C04F79EFBC}") = "Abstract Class", "Abstract Class.csproj", "{51960A5C-6824-4375-B525-51FB9919E73B}"
EndProject
Global
	GlobalSection(SolutionConfigurationPlatforms) = preSolution
		Debug|Any CPU = Debug|Any CPU
		Release|Any CPU = Release|Any CPU
	EndGlobalSection
	GlobalSection(ProjectConfigurationPlatforms) = postSolution
		{51960A5C-6824-4375-B525-51FB9919E73B}.Debug|Any CPU.ActiveCfg = Debug|Any CPU
		{51960A5C-6824-4375-B525-51FB9919E73B}.Debug|Any CPU.Build.0 = Debug|Any CPU
		{51960A5C-6824-4375-B525-51FB9919E73B}.Release|Any CPU.ActiveCfg = Release|Any CPU
		{51960A5C-6824-4375-B525-51FB9919E73B}.Release|Any CPU.Build.0 = Release|Any CPU
	EndGlobalSection
	GlobalSection(SolutionProperties) = preSolution
		HideSolutionNode = FALSE
	EndGlobalSection
	GlobalSection(ExtensibilityGlobals) = postSolution
		SolutionGuid = {BACAE966-0B0D-4363-8F71-76D59ECA8843}
	EndGlobalSection
EndGlobal
