
Microsoft Visual Studio Solution File, Format Version 12.00
Project("{FAE04EC0-301F-11D3-BF4B-00C04F79EFBC}") = "LibraryPresentationLayer", "LibraryPresentationLayer\LibraryPresentationLayer.csproj", "{0E51DA53-D77E-40A7-8139-089D8234A140}"
EndProject
Project("{FAE04EC0-301F-11D3-BF4B-00C04F79EFBC}") = "LibraryBusnissLayer", "LibraryBusnissLayer\LibraryBusnissLayer.csproj", "{6FE20AD8-ED20-4BA7-8904-CC3AAD4FB748}"
EndProject
Project("{FAE04EC0-301F-11D3-BF4B-00C04F79EFBC}") = "LibraryDataAccrssLayer", "LibraryDataAccrssLayer\LibraryDataAccrssLayer.csproj", "{30C930C1-D168-4108-95D0-C339B284C262}"
EndProject
Global
	GlobalSection(SolutionConfigurationPlatforms) = preSolution
		Debug|Any CPU = Debug|Any CPU
		Release|Any CPU = Release|Any CPU
	EndGlobalSection
	GlobalSection(ProjectConfigurationPlatforms) = postSolution
		{0E51DA53-D77E-40A7-8139-089D8234A140}.Debug|Any CPU.ActiveCfg = Debug|Any CPU
		{0E51DA53-D77E-40A7-8139-089D8234A140}.Debug|Any CPU.Build.0 = Debug|Any CPU
		{0E51DA53-D77E-40A7-8139-089D8234A140}.Release|Any CPU.ActiveCfg = Release|Any CPU
		{0E51DA53-D77E-40A7-8139-089D8234A140}.Release|Any CPU.Build.0 = Release|Any CPU
		{6FE20AD8-ED20-4BA7-8904-CC3AAD4FB748}.Debug|Any CPU.ActiveCfg = Debug|Any CPU
		{6FE20AD8-ED20-4BA7-8904-CC3AAD4FB748}.Debug|Any CPU.Build.0 = Debug|Any CPU
		{6FE20AD8-ED20-4BA7-8904-CC3AAD4FB748}.Release|Any CPU.ActiveCfg = Release|Any CPU
		{6FE20AD8-ED20-4BA7-8904-CC3AAD4FB748}.Release|Any CPU.Build.0 = Release|Any CPU
		{30C930C1-D168-4108-95D0-C339B284C262}.Debug|Any CPU.ActiveCfg = Debug|Any CPU
		{30C930C1-D168-4108-95D0-C339B284C262}.Debug|Any CPU.Build.0 = Debug|Any CPU
		{30C930C1-D168-4108-95D0-C339B284C262}.Release|Any CPU.ActiveCfg = Release|Any CPU
		{30C930C1-D168-4108-95D0-C339B284C262}.Release|Any CPU.Build.0 = Release|Any CPU
	EndGlobalSection
EndGlobal
