
Microsoft Visual Studio Solution File, Format Version 12.00
Project("{FAE04EC0-301F-11D3-BF4B-00C04F79EFBC}") = "Jagged arrays", "Jagged arrays\Jagged arrays.csproj", "{F921688A-24CB-469A-B3F5-212AD3562503}"
EndProject
Global
	GlobalSection(SolutionConfigurationPlatforms) = preSolution
		Debug|Any CPU = Debug|Any CPU
		Release|Any CPU = Release|Any CPU
	EndGlobalSection
	GlobalSection(ProjectConfigurationPlatforms) = postSolution
		{F921688A-24CB-469A-B3F5-212AD3562503}.Debug|Any CPU.ActiveCfg = Debug|Any CPU
		{F921688A-24CB-469A-B3F5-212AD3562503}.Debug|Any CPU.Build.0 = Debug|Any CPU
		{F921688A-24CB-469A-B3F5-212AD3562503}.Release|Any CPU.ActiveCfg = Release|Any CPU
		{F921688A-24CB-469A-B3F5-212AD3562503}.Release|Any CPU.Build.0 = Release|Any CPU
	EndGlobalSection
EndGlobal
