
Microsoft Visual Studio Solution File, Format Version 12.00
Project("{FAE04EC0-301F-11D3-BF4B-00C04F79EFBC}") = "Traffic Project", "Traffic Project\Traffic Project.csproj", "{AAEF9E95-EBCF-4BDD-A181-E87C07CAED00}"
EndProject
Global
	GlobalSection(SolutionConfigurationPlatforms) = preSolution
		Debug|Any CPU = Debug|Any CPU
		Release|Any CPU = Release|Any CPU
	EndGlobalSection
	GlobalSection(ProjectConfigurationPlatforms) = postSolution
		{AAEF9E95-EBCF-4BDD-A181-E87C07CAED00}.Debug|Any CPU.ActiveCfg = Debug|Any CPU
		{AAEF9E95-EBCF-4BDD-A181-E87C07CAED00}.Debug|Any CPU.Build.0 = Debug|Any CPU
		{AAEF9E95-EBCF-4BDD-A181-E87C07CAED00}.Release|Any CPU.ActiveCfg = Release|Any CPU
		{AAEF9E95-EBCF-4BDD-A181-E87C07CAED00}.Release|Any CPU.Build.0 = Release|Any CPU
	EndGlobalSection
EndGlobal
