
Microsoft Visual Studio Solution File, Format Version 12.00
# Visual Studio Version 17
VisualStudioVersion = 17.8.34309.116
MinimumVisualStudioVersion = 10.0.40219.1
Project("{8BC9CEB8-8B4A-11D0-8D11-00A0C91BC942}") = "Problem #49 - ATM PIN", "Problem #49 - ATM PIN.vcxproj", "{ED09AED0-19BB-405F-9F0C-5C528F14A1B9}"
EndProject
Global
	GlobalSection(SolutionConfigurationPlatforms) = preSolution
		Debug|x64 = Debug|x64
		Debug|x86 = Debug|x86
		Release|x64 = Release|x64
		Release|x86 = Release|x86
	EndGlobalSection
	GlobalSection(ProjectConfigurationPlatforms) = postSolution
		{ED09AED0-19BB-405F-9F0C-5C528F14A1B9}.Debug|x64.ActiveCfg = Debug|x64
		{ED09AED0-19BB-405F-9F0C-5C528F14A1B9}.Debug|x64.Build.0 = Debug|x64
		{ED09AED0-19BB-405F-9F0C-5C528F14A1B9}.Debug|x86.ActiveCfg = Debug|Win32
		{ED09AED0-19BB-405F-9F0C-5C528F14A1B9}.Debug|x86.Build.0 = Debug|Win32
		{ED09AED0-19BB-405F-9F0C-5C528F14A1B9}.Release|x64.ActiveCfg = Release|x64
		{ED09AED0-19BB-405F-9F0C-5C528F14A1B9}.Release|x64.Build.0 = Release|x64
		{ED09AED0-19BB-405F-9F0C-5C528F14A1B9}.Release|x86.ActiveCfg = Release|Win32
		{ED09AED0-19BB-405F-9F0C-5C528F14A1B9}.Release|x86.Build.0 = Release|Win32
	EndGlobalSection
	GlobalSection(SolutionProperties) = preSolution
		HideSolutionNode = FALSE
	EndGlobalSection
	GlobalSection(ExtensibilityGlobals) = postSolution
		SolutionGuid = {6B108CAE-8F85-46BB-B89D-FFA2E4FED6FC}
	EndGlobalSection
EndGlobal
