
Microsoft Visual Studio Solution File, Format Version 12.00
Project("{FAE04EC0-301F-11D3-BF4B-00C04F79EFBC}") = "Advanced LINQ Usage with SortedList Grouping Elements", "Advanced LINQ Usage with SortedList Grouping Elements\Advanced LINQ Usage with SortedList Grouping Elements.csproj", "{7251D648-1DB9-43DF-AD36-87A1B16AA9EB}"
EndProject
Global
	GlobalSection(SolutionConfigurationPlatforms) = preSolution
		Debug|Any CPU = Debug|Any CPU
		Release|Any CPU = Release|Any CPU
	EndGlobalSection
	GlobalSection(ProjectConfigurationPlatforms) = postSolution
		{7251D648-1DB9-43DF-AD36-87A1B16AA9EB}.Debug|Any CPU.ActiveCfg = Debug|Any CPU
		{7251D648-1DB9-43DF-AD36-87A1B16AA9EB}.Debug|Any CPU.Build.0 = Debug|Any CPU
		{7251D648-1DB9-43DF-AD36-87A1B16AA9EB}.Release|Any CPU.ActiveCfg = Release|Any CPU
		{7251D648-1DB9-43DF-AD36-87A1B16AA9EB}.Release|Any CPU.Build.0 = Release|Any CPU
	EndGlobalSection
EndGlobal
