
Microsoft Visual Studio Solution File, Format Version 12.00
# Visual Studio Version 17
VisualStudioVersion = 17.9.34607.119
MinimumVisualStudioVersion = 10.0.40219.1
Project("{8BC9CEB8-8B4A-11D0-8D11-00A0C91BC942}") = "Lesson #35 Pointer", "Lesson #35 Pointer\Lesson #35 Pointer.vcxproj", "{3BF842EE-503D-4105-BC20-6C4CBFBEAB41}"
EndProject
Global
	GlobalSection(SolutionConfigurationPlatforms) = preSolution
		Debug|x64 = Debug|x64
		Debug|x86 = Debug|x86
		Release|x64 = Release|x64
		Release|x86 = Release|x86
	EndGlobalSection
	GlobalSection(ProjectConfigurationPlatforms) = postSolution
		{3BF842EE-503D-4105-BC20-6C4CBFBEAB41}.Debug|x64.ActiveCfg = Debug|x64
		{3BF842EE-503D-4105-BC20-6C4CBFBEAB41}.Debug|x64.Build.0 = Debug|x64
		{3BF842EE-503D-4105-BC20-6C4CBFBEAB41}.Debug|x86.ActiveCfg = Debug|Win32
		{3BF842EE-503D-4105-BC20-6C4CBFBEAB41}.Debug|x86.Build.0 = Debug|Win32
		{3BF842EE-503D-4105-BC20-6C4CBFBEAB41}.Release|x64.ActiveCfg = Release|x64
		{3BF842EE-503D-4105-BC20-6C4CBFBEAB41}.Release|x64.Build.0 = Release|x64
		{3BF842EE-503D-4105-BC20-6C4CBFBEAB41}.Release|x86.ActiveCfg = Release|Win32
		{3BF842EE-503D-4105-BC20-6C4CBFBEAB41}.Release|x86.Build.0 = Release|Win32
	EndGlobalSection
	GlobalSection(SolutionProperties) = preSolution
		HideSolutionNode = FALSE
	EndGlobalSection
	GlobalSection(ExtensibilityGlobals) = postSolution
		SolutionGuid = {BA048D23-25A4-477A-8DA4-89EE131C579B}
	EndGlobalSection
EndGlobal
