
Microsoft Visual Studio Solution File, Format Version 12.00
Project("{FAE04EC0-301F-11D3-BF4B-00C04F79EFBC}") = "Dataview", "Dataview\Dataview.csproj", "{2BF50306-7808-4FB0-BB3F-7A0FBEBD15EE}"
EndProject
Global
	GlobalSection(SolutionConfigurationPlatforms) = preSolution
		Debug|Any CPU = Debug|Any CPU
		Release|Any CPU = Release|Any CPU
	EndGlobalSection
	GlobalSection(ProjectConfigurationPlatforms) = postSolution
		{2BF50306-7808-4FB0-BB3F-7A0FBEBD15EE}.Debug|Any CPU.ActiveCfg = Debug|Any CPU
		{2BF50306-7808-4FB0-BB3F-7A0FBEBD15EE}.Debug|Any CPU.Build.0 = Debug|Any CPU
		{2BF50306-7808-4FB0-BB3F-7A0FBEBD15EE}.Release|Any CPU.ActiveCfg = Release|Any CPU
		{2BF50306-7808-4FB0-BB3F-7A0FBEBD15EE}.Release|Any CPU.Build.0 = Release|Any CPU
	EndGlobalSection
EndGlobal
