
Microsoft Visual Studio Solution File, Format Version 12.00
Project("{FAE04EC0-301F-11D3-BF4B-00C04F79EFBC}") = "a", "a\a.csproj", "{CA981C69-F1A8-492C-A44D-F9D3814FB77F}"
EndProject
Global
	GlobalSection(SolutionConfigurationPlatforms) = preSolution
		Debug|Any CPU = Debug|Any CPU
		Release|Any CPU = Release|Any CPU
	EndGlobalSection
	GlobalSection(ProjectConfigurationPlatforms) = postSolution
		{CA981C69-F1A8-492C-A44D-F9D3814FB77F}.Debug|Any CPU.ActiveCfg = Debug|Any CPU
		{CA981C69-F1A8-492C-A44D-F9D3814FB77F}.Debug|Any CPU.Build.0 = Debug|Any CPU
		{CA981C69-F1A8-492C-A44D-F9D3814FB77F}.Release|Any CPU.ActiveCfg = Release|Any CPU
		{CA981C69-F1A8-492C-A44D-F9D3814FB77F}.Release|Any CPU.Build.0 = Release|Any CPU
	EndGlobalSection
EndGlobal
