
Microsoft Visual Studio Solution File, Format Version 12.00
Project("{FAE04EC0-301F-11D3-BF4B-00C04F79EFBC}") = "News Publisher Subscriber Example", " News Publisher Subscriber Example\News Publisher Subscriber Example.csproj", "{28CDD073-DF80-424A-8718-8B73F5AC27AD}"
EndProject
Global
	GlobalSection(SolutionConfigurationPlatforms) = preSolution
		Debug|Any CPU = Debug|Any CPU
		Release|Any CPU = Release|Any CPU
	EndGlobalSection
	GlobalSection(ProjectConfigurationPlatforms) = postSolution
		{28CDD073-DF80-424A-8718-8B73F5AC27AD}.Debug|Any CPU.ActiveCfg = Debug|Any CPU
		{28CDD073-DF80-424A-8718-8B73F5AC27AD}.Debug|Any CPU.Build.0 = Debug|Any CPU
		{28CDD073-DF80-424A-8718-8B73F5AC27AD}.Release|Any CPU.ActiveCfg = Release|Any CPU
		{28CDD073-DF80-424A-8718-8B73F5AC27AD}.Release|Any CPU.Build.0 = Release|Any CPU
	EndGlobalSection
EndGlobal
