
Microsoft Visual Studio Solution File, Format Version 12.00
# Visual Studio Version 17
VisualStudioVersion = 17.9.34728.123
MinimumVisualStudioVersion = 10.0.40219.1
Project("{8BC9CEB8-8B4A-11D0-8D11-00A0C91BC942}") = "Problem #10 Days From The Beginning of Yearr", "Problem #10 Days From The Beginning of Yearr\Problem #10 Days From The Beginning of Yearr.vcxproj", "{9F559FF5-756B-4951-99DE-011CD957D919}"
EndProject
Global
	GlobalSection(SolutionConfigurationPlatforms) = preSolution
		Debug|x64 = Debug|x64
		Debug|x86 = Debug|x86
		Release|x64 = Release|x64
		Release|x86 = Release|x86
	EndGlobalSection
	GlobalSection(ProjectConfigurationPlatforms) = postSolution
		{9F559FF5-756B-4951-99DE-011CD957D919}.Debug|x64.ActiveCfg = Debug|x64
		{9F559FF5-756B-4951-99DE-011CD957D919}.Debug|x64.Build.0 = Debug|x64
		{9F559FF5-756B-4951-99DE-011CD957D919}.Debug|x86.ActiveCfg = Debug|Win32
		{9F559FF5-756B-4951-99DE-011CD957D919}.Debug|x86.Build.0 = Debug|Win32
		{9F559FF5-756B-4951-99DE-011CD957D919}.Release|x64.ActiveCfg = Release|x64
		{9F559FF5-756B-4951-99DE-011CD957D919}.Release|x64.Build.0 = Release|x64
		{9F559FF5-756B-4951-99DE-011CD957D919}.Release|x86.ActiveCfg = Release|Win32
		{9F559FF5-756B-4951-99DE-011CD957D919}.Release|x86.Build.0 = Release|Win32
	EndGlobalSection
	GlobalSection(SolutionProperties) = preSolution
		HideSolutionNode = FALSE
	EndGlobalSection
	GlobalSection(ExtensibilityGlobals) = postSolution
		SolutionGuid = {8EB6FB5F-2E84-44E9-A775-F753847104A0}
	EndGlobalSection
EndGlobal
