
Microsoft Visual Studio Solution File, Format Version 12.00
# Visual Studio Version 17
VisualStudioVersion = 17.11.35222.181
MinimumVisualStudioVersion = 10.0.40219.1
Project("{FAE04EC0-301F-11D3-BF4B-00C04F79EFBC}") = "ConsoleApp3", "ConsoleApp3.csproj", "{D9F56AC8-6329-4537-AA97-F0F3BA84B9CF}"
EndProject
Global
	GlobalSection(SolutionConfigurationPlatforms) = preSolution
		Debug|Any CPU = Debug|Any CPU
		Release|Any CPU = Release|Any CPU
	EndGlobalSection
	GlobalSection(ProjectConfigurationPlatforms) = postSolution
		{D9F56AC8-6329-4537-AA97-F0F3BA84B9CF}.Debug|Any CPU.ActiveCfg = Debug|Any CPU
		{D9F56AC8-6329-4537-AA97-F0F3BA84B9CF}.Debug|Any CPU.Build.0 = Debug|Any CPU
		{D9F56AC8-6329-4537-AA97-F0F3BA84B9CF}.Release|Any CPU.ActiveCfg = Release|Any CPU
		{D9F56AC8-6329-4537-AA97-F0F3BA84B9CF}.Release|Any CPU.Build.0 = Release|Any CPU
	EndGlobalSection
	GlobalSection(SolutionProperties) = preSolution
		HideSolutionNode = FALSE
	EndGlobalSection
	GlobalSection(ExtensibilityGlobals) = postSolution
		SolutionGuid = {675229D3-AAC4-4106-893D-98F64328C99A}
	EndGlobalSection
EndGlobal
