
Microsoft Visual Studio Solution File, Format Version 12.00
# Visual Studio Version 17
VisualStudioVersion = 17.11.35222.181
MinimumVisualStudioVersion = 10.0.40219.1
Project("{FAE04EC0-301F-11D3-BF4B-00C04F79EFBC}") = "Static Members", "Static Members.csproj", "{CFAE9CE2-F6A4-437E-B454-608576FE9060}"
EndProject
Global
	GlobalSection(SolutionConfigurationPlatforms) = preSolution
		Debug|Any CPU = Debug|Any CPU
		Release|Any CPU = Release|Any CPU
	EndGlobalSection
	GlobalSection(ProjectConfigurationPlatforms) = postSolution
		{CFAE9CE2-F6A4-437E-B454-608576FE9060}.Debug|Any CPU.ActiveCfg = Debug|Any CPU
		{CFAE9CE2-F6A4-437E-B454-608576FE9060}.Debug|Any CPU.Build.0 = Debug|Any CPU
		{CFAE9CE2-F6A4-437E-B454-608576FE9060}.Release|Any CPU.ActiveCfg = Release|Any CPU
		{CFAE9CE2-F6A4-437E-B454-608576FE9060}.Release|Any CPU.Build.0 = Release|Any CPU
	EndGlobalSection
	GlobalSection(SolutionProperties) = preSolution
		HideSolutionNode = FALSE
	EndGlobalSection
	GlobalSection(ExtensibilityGlobals) = postSolution
		SolutionGuid = {5F4AF033-7F28-42EE-AA40-2177D926B43B}
	EndGlobalSection
EndGlobal
