
Microsoft Visual Studio Solution File, Format Version 12.00
# Visual Studio Version 17
VisualStudioVersion = 17.4.33213.308
MinimumVisualStudioVersion = 10.0.40219.1
Project("{FAE04EC0-301F-11D3-BF4B-00C04F79EFBC}") = "Nullable Data Type Example 1", "Nullable Data Type Example 1.csproj", "{3EC6AC08-783D-4B27-BFE7-CEFED7275708}"
EndProject
Global
	GlobalSection(SolutionConfigurationPlatforms) = preSolution
		Debug|Any CPU = Debug|Any CPU
		Release|Any CPU = Release|Any CPU
	EndGlobalSection
	GlobalSection(ProjectConfigurationPlatforms) = postSolution
		{3EC6AC08-783D-4B27-BFE7-CEFED7275708}.Debug|Any CPU.ActiveCfg = Debug|Any CPU
		{3EC6AC08-783D-4B27-BFE7-CEFED7275708}.Debug|Any CPU.Build.0 = Debug|Any CPU
		{3EC6AC08-783D-4B27-BFE7-CEFED7275708}.Release|Any CPU.ActiveCfg = Release|Any CPU
		{3EC6AC08-783D-4B27-BFE7-CEFED7275708}.Release|Any CPU.Build.0 = Release|Any CPU
	EndGlobalSection
	GlobalSection(SolutionProperties) = preSolution
		HideSolutionNode = FALSE
	EndGlobalSection
	GlobalSection(ExtensibilityGlobals) = postSolution
		SolutionGuid = {BA035A53-7D66-48BA-ADD4-7891EC6B047A}
	EndGlobalSection
EndGlobal
