
Microsoft Visual Studio Solution File, Format Version 12.00
# Visual Studio Version 17
VisualStudioVersion = 17.11.35222.181
MinimumVisualStudioVersion = 10.0.40219.1
Project("{FAE04EC0-301F-11D3-BF4B-00C04F79EFBC}") = "DVLD - PresentaionsLayer", "DVLD - PresentaionsLayer.csproj", "{C91D06A6-4CA3-4E4C-972F-1F43C9804986}"
EndProject
Project("{FAE04EC0-301F-11D3-BF4B-00C04F79EFBC}") = "DVLD-DataAccesLayer", "DVLD-DataAccesLayer\DVLD-DataAccesLayer.csproj", "{A36AFA67-9B1D-4C9A-85A5-6B09901C4E5A}"
EndProject
Project("{FAE04EC0-301F-11D3-BF4B-00C04F79EFBC}") = "DVLD-BusnissLayer", "DVLD-BusnissLayer\DVLD-BusnissLayer.csproj", "{3C6E897B-F2A5-4E1C-8FBB-B5C31B616D96}"
EndProject
Global
	GlobalSection(SolutionConfigurationPlatforms) = preSolution
		Debug|Any CPU = Debug|Any CPU
		Release|Any CPU = Release|Any CPU
	EndGlobalSection
	GlobalSection(ProjectConfigurationPlatforms) = postSolution
		{C91D06A6-4CA3-4E4C-972F-1F43C9804986}.Debug|Any CPU.ActiveCfg = Debug|Any CPU
		{C91D06A6-4CA3-4E4C-972F-1F43C9804986}.Debug|Any CPU.Build.0 = Debug|Any CPU
		{C91D06A6-4CA3-4E4C-972F-1F43C9804986}.Release|Any CPU.ActiveCfg = Release|Any CPU
		{C91D06A6-4CA3-4E4C-972F-1F43C9804986}.Release|Any CPU.Build.0 = Release|Any CPU
		{A36AFA67-9B1D-4C9A-85A5-6B09901C4E5A}.Debug|Any CPU.ActiveCfg = Debug|Any CPU
		{A36AFA67-9B1D-4C9A-85A5-6B09901C4E5A}.Debug|Any CPU.Build.0 = Debug|Any CPU
		{A36AFA67-9B1D-4C9A-85A5-6B09901C4E5A}.Release|Any CPU.ActiveCfg = Release|Any CPU
		{A36AFA67-9B1D-4C9A-85A5-6B09901C4E5A}.Release|Any CPU.Build.0 = Release|Any CPU
		{3C6E897B-F2A5-4E1C-8FBB-B5C31B616D96}.Debug|Any CPU.ActiveCfg = Debug|Any CPU
		{3C6E897B-F2A5-4E1C-8FBB-B5C31B616D96}.Debug|Any CPU.Build.0 = Debug|Any CPU
		{3C6E897B-F2A5-4E1C-8FBB-B5C31B616D96}.Release|Any CPU.ActiveCfg = Release|Any CPU
		{3C6E897B-F2A5-4E1C-8FBB-B5C31B616D96}.Release|Any CPU.Build.0 = Release|Any CPU
	EndGlobalSection
	GlobalSection(SolutionProperties) = preSolution
		HideSolutionNode = FALSE
	EndGlobalSection
	GlobalSection(ExtensibilityGlobals) = postSolution
		SolutionGuid = {17578532-410D-4CF9-8624-7105A1CFE94B}
	EndGlobalSection
EndGlobal
