
Microsoft Visual Studio Solution File, Format Version 12.00
# Visual Studio Version 17
VisualStudioVersion = 17.11.35222.181
MinimumVisualStudioVersion = 10.0.40219.1
Project("{FAE04EC0-301F-11D3-BF4B-00C04F79EFBC}") = "Connection With DataBase", "Connection With DataBase.csproj", "{D93BA366-4488-4145-BFAF-B9A7B1F6E161}"
EndProject
Global
	GlobalSection(SolutionConfigurationPlatforms) = preSolution
		Debug|Any CPU = Debug|Any CPU
		Release|Any CPU = Release|Any CPU
	EndGlobalSection
	GlobalSection(ProjectConfigurationPlatforms) = postSolution
		{D93BA366-4488-4145-BFAF-B9A7B1F6E161}.Debug|Any CPU.ActiveCfg = Debug|Any CPU
		{D93BA366-4488-4145-BFAF-B9A7B1F6E161}.Debug|Any CPU.Build.0 = Debug|Any CPU
		{D93BA366-4488-4145-BFAF-B9A7B1F6E161}.Release|Any CPU.ActiveCfg = Release|Any CPU
		{D93BA366-4488-4145-BFAF-B9A7B1F6E161}.Release|Any CPU.Build.0 = Release|Any CPU
	EndGlobalSection
	GlobalSection(SolutionProperties) = preSolution
		HideSolutionNode = FALSE
	EndGlobalSection
	GlobalSection(ExtensibilityGlobals) = postSolution
		SolutionGuid = {CEDE4544-3ED2-496F-AAC0-B56E5BA651CB}
	EndGlobalSection
EndGlobal
