
Microsoft Visual Studio Solution File, Format Version 12.00
# Visual Studio Version 17
VisualStudioVersion = 17.11.35222.181
MinimumVisualStudioVersion = 10.0.40219.1
Project("{FAE04EC0-301F-11D3-BF4B-00C04F79EFBC}") = "Convert String to DateTime", "Convert String to DateTime\Convert String to DateTime.csproj", "{28BEE953-86FF-4EB4-AE24-2F537AC175B4}"
EndProject
Global
	GlobalSection(SolutionConfigurationPlatforms) = preSolution
		Debug|Any CPU = Debug|Any CPU
		Release|Any CPU = Release|Any CPU
	EndGlobalSection
	GlobalSection(ProjectConfigurationPlatforms) = postSolution
		{28BEE953-86FF-4EB4-AE24-2F537AC175B4}.Debug|Any CPU.ActiveCfg = Debug|Any CPU
		{28BEE953-86FF-4EB4-AE24-2F537AC175B4}.Debug|Any CPU.Build.0 = Debug|Any CPU
		{28BEE953-86FF-4EB4-AE24-2F537AC175B4}.Release|Any CPU.ActiveCfg = Release|Any CPU
		{28BEE953-86FF-4EB4-AE24-2F537AC175B4}.Release|Any CPU.Build.0 = Release|Any CPU
	EndGlobalSection
	GlobalSection(SolutionProperties) = preSolution
		HideSolutionNode = FALSE
	EndGlobalSection
	GlobalSection(ExtensibilityGlobals) = postSolution
		SolutionGuid = {5B6DAA7D-B8B9-4403-A223-F058625CCAE6}
	EndGlobalSection
EndGlobal
