
Microsoft Visual Studio Solution File, Format Version 12.00
Project("{FAE04EC0-301F-11D3-BF4B-00C04F79EFBC}") = "Comparing Sets with HashSet", "Comparing Sets with HashSet\Comparing Sets with HashSet.csproj", "{49393D99-D444-435F-B0CD-C16629DB56B7}"
EndProject
Global
	GlobalSection(SolutionConfigurationPlatforms) = preSolution
		Debug|Any CPU = Debug|Any CPU
		Release|Any CPU = Release|Any CPU
	EndGlobalSection
	GlobalSection(ProjectConfigurationPlatforms) = postSolution
		{49393D99-D444-435F-B0CD-C16629DB56B7}.Debug|Any CPU.ActiveCfg = Debug|Any CPU
		{49393D99-D444-435F-B0CD-C16629DB56B7}.Debug|Any CPU.Build.0 = Debug|Any CPU
		{49393D99-D444-435F-B0CD-C16629DB56B7}.Release|Any CPU.ActiveCfg = Release|Any CPU
		{49393D99-D444-435F-B0CD-C16629DB56B7}.Release|Any CPU.Build.0 = Release|Any CPU
	EndGlobalSection
EndGlobal
