
Microsoft Visual Studio Solution File, Format Version 12.00
# Visual Studio Version 17
VisualStudioVersion = 17.11.35222.181
MinimumVisualStudioVersion = 10.0.40219.1
Project("{FAE04EC0-301F-11D3-BF4B-00C04F79EFBC}") = "Properties Set and Get", "Properties Set and Get.csproj", "{EC320ACA-C040-4DAA-A163-4BC9660E209A}"
EndProject
Global
	GlobalSection(SolutionConfigurationPlatforms) = preSolution
		Debug|Any CPU = Debug|Any CPU
		Release|Any CPU = Release|Any CPU
	EndGlobalSection
	GlobalSection(ProjectConfigurationPlatforms) = postSolution
		{EC320ACA-C040-4DAA-A163-4BC9660E209A}.Debug|Any CPU.ActiveCfg = Debug|Any CPU
		{EC320ACA-C040-4DAA-A163-4BC9660E209A}.Debug|Any CPU.Build.0 = Debug|Any CPU
		{EC320ACA-C040-4DAA-A163-4BC9660E209A}.Release|Any CPU.ActiveCfg = Release|Any CPU
		{EC320ACA-C040-4DAA-A163-4BC9660E209A}.Release|Any CPU.Build.0 = Release|Any CPU
	EndGlobalSection
	GlobalSection(SolutionProperties) = preSolution
		HideSolutionNode = FALSE
	EndGlobalSection
	GlobalSection(ExtensibilityGlobals) = postSolution
		SolutionGuid = {0A0C4938-796A-48C6-B4B0-227DB9232B50}
	EndGlobalSection
EndGlobal
