
Microsoft Visual Studio Solution File, Format Version 12.00
# Visual Studio Version 17
VisualStudioVersion = 17.8.34309.116
MinimumVisualStudioVersion = 10.0.40219.1
Project("{8BC9CEB8-8B4A-11D0-8D11-00A0C91BC942}") = "Problems #26 to #30 Solutions", "Problems #26 to #30 Solutions.vcxproj", "{551503D9-DDCB-48A2-9ADF-9FF75EA7AFD0}"
EndProject
Global
	GlobalSection(SolutionConfigurationPlatforms) = preSolution
		Debug|x64 = Debug|x64
		Debug|x86 = Debug|x86
		Release|x64 = Release|x64
		Release|x86 = Release|x86
	EndGlobalSection
	GlobalSection(ProjectConfigurationPlatforms) = postSolution
		{551503D9-DDCB-48A2-9ADF-9FF75EA7AFD0}.Debug|x64.ActiveCfg = Debug|x64
		{551503D9-DDCB-48A2-9ADF-9FF75EA7AFD0}.Debug|x64.Build.0 = Debug|x64
		{551503D9-DDCB-48A2-9ADF-9FF75EA7AFD0}.Debug|x86.ActiveCfg = Debug|Win32
		{551503D9-DDCB-48A2-9ADF-9FF75EA7AFD0}.Debug|x86.Build.0 = Debug|Win32
		{551503D9-DDCB-48A2-9ADF-9FF75EA7AFD0}.Release|x64.ActiveCfg = Release|x64
		{551503D9-DDCB-48A2-9ADF-9FF75EA7AFD0}.Release|x64.Build.0 = Release|x64
		{551503D9-DDCB-48A2-9ADF-9FF75EA7AFD0}.Release|x86.ActiveCfg = Release|Win32
		{551503D9-DDCB-48A2-9ADF-9FF75EA7AFD0}.Release|x86.Build.0 = Release|Win32
	EndGlobalSection
	GlobalSection(SolutionProperties) = preSolution
		HideSolutionNode = FALSE
	EndGlobalSection
	GlobalSection(ExtensibilityGlobals) = postSolution
		SolutionGuid = {8DDDA6CA-43D5-4112-BEB7-4E7D515BD2E3}
	EndGlobalSection
EndGlobal
