
Microsoft Visual Studio Solution File, Format Version 12.00
Project("{FAE04EC0-301F-11D3-BF4B-00C04F79EFBC}") = "Contacts Consle App", "Contacts Consle App\Contacts Consle App.csproj", "{8F37C3FB-08FB-412A-ACD0-D414A42738B9}"
EndProject
Project("{FAE04EC0-301F-11D3-BF4B-00C04F79EFBC}") = "Contacts Businesslayer", "Contacts Businesslayer\Contacts Businesslayer.csproj", "{6669C420-9B54-4C84-897F-173367794ED2}"
EndProject
Global
	GlobalSection(SolutionConfigurationPlatforms) = preSolution
		Debug|Any CPU = Debug|Any CPU
		Release|Any CPU = Release|Any CPU
	EndGlobalSection
	GlobalSection(ProjectConfigurationPlatforms) = postSolution
		{8F37C3FB-08FB-412A-ACD0-D414A42738B9}.Debug|Any CPU.ActiveCfg = Debug|Any CPU
		{8F37C3FB-08FB-412A-ACD0-D414A42738B9}.Debug|Any CPU.Build.0 = Debug|Any CPU
		{8F37C3FB-08FB-412A-ACD0-D414A42738B9}.Release|Any CPU.ActiveCfg = Release|Any CPU
		{8F37C3FB-08FB-412A-ACD0-D414A42738B9}.Release|Any CPU.Build.0 = Release|Any CPU
		{6669C420-9B54-4C84-897F-173367794ED2}.Debug|Any CPU.ActiveCfg = Debug|Any CPU
		{6669C420-9B54-4C84-897F-173367794ED2}.Debug|Any CPU.Build.0 = Debug|Any CPU
		{6669C420-9B54-4C84-897F-173367794ED2}.Release|Any CPU.ActiveCfg = Release|Any CPU
		{6669C420-9B54-4C84-897F-173367794ED2}.Release|Any CPU.Build.0 = Release|Any CPU
	EndGlobalSection
EndGlobal
