
Microsoft Visual Studio Solution File, Format Version 12.00
# Visual Studio Version 17
VisualStudioVersion = 17.11.35222.181
MinimumVisualStudioVersion = 10.0.40219.1
Project("{FAE04EC0-301F-11D3-BF4B-00C04F79EFBC}") = "Interface", "Interface.csproj", "{C69B6835-27C5-44B8-BF35-380134513210}"
EndProject
Global
	GlobalSection(SolutionConfigurationPlatforms) = preSolution
		Debug|Any CPU = Debug|Any CPU
		Release|Any CPU = Release|Any CPU
	EndGlobalSection
	GlobalSection(ProjectConfigurationPlatforms) = postSolution
		{C69B6835-27C5-44B8-BF35-380134513210}.Debug|Any CPU.ActiveCfg = Debug|Any CPU
		{C69B6835-27C5-44B8-BF35-380134513210}.Debug|Any CPU.Build.0 = Debug|Any CPU
		{C69B6835-27C5-44B8-BF35-380134513210}.Release|Any CPU.ActiveCfg = Release|Any CPU
		{C69B6835-27C5-44B8-BF35-380134513210}.Release|Any CPU.Build.0 = Release|Any CPU
	EndGlobalSection
	GlobalSection(SolutionProperties) = preSolution
		HideSolutionNode = FALSE
	EndGlobalSection
	GlobalSection(ExtensibilityGlobals) = postSolution
		SolutionGuid = {EB261E1A-A6A3-45C0-969B-11D5D767F343}
	EndGlobalSection
EndGlobal
