
Microsoft Visual Studio Solution File, Format Version 12.00
Project("{FAE04EC0-301F-11D3-BF4B-00C04F79EFBC}") = "Introduction to Task Factory Class", "Introduction to Task Factory Class\Introduction to Task Factory Class.csproj", "{193919A3-092D-41D6-9598-6CB4F234A666}"
EndProject
Global
	GlobalSection(SolutionConfigurationPlatforms) = preSolution
		Debug|Any CPU = Debug|Any CPU
		Release|Any CPU = Release|Any CPU
	EndGlobalSection
	GlobalSection(ProjectConfigurationPlatforms) = postSolution
		{193919A3-092D-41D6-9598-6CB4F234A666}.Debug|Any CPU.ActiveCfg = Debug|Any CPU
		{193919A3-092D-41D6-9598-6CB4F234A666}.Debug|Any CPU.Build.0 = Debug|Any CPU
		{193919A3-092D-41D6-9598-6CB4F234A666}.Release|Any CPU.ActiveCfg = Release|Any CPU
		{193919A3-092D-41D6-9598-6CB4F234A666}.Release|Any CPU.Build.0 = Release|Any CPU
	EndGlobalSection
EndGlobal
